
Microsoft Visual Studio Solution File, Format Version 12.00
# Visual Studio Version 16
VisualStudioVersion = 25.0.1706.7
MinimumVisualStudioVersion = 10.0.40219.1
Project("{FAE04EC0-301F-11D3-BF4B-00C04F79EFBC}") = "Zadanie 1", "Zadanie 1.csproj", "{FEA8A50F-AEFE-4CE7-8DC3-A2893F52E6C1}"
EndProject
Global
	GlobalSection(SolutionConfigurationPlatforms) = preSolution
		Debug|Any CPU = Debug|Any CPU
		Release|Any CPU = Release|Any CPU
	EndGlobalSection
	GlobalSection(ProjectConfigurationPlatforms) = postSolution
		{FEA8A50F-AEFE-4CE7-8DC3-A2893F52E6C1}.Debug|Any CPU.ActiveCfg = Debug|Any CPU
		{FEA8A50F-AEFE-4CE7-8DC3-A2893F52E6C1}.Debug|Any CPU.Build.0 = Debug|Any CPU
		{FEA8A50F-AEFE-4CE7-8DC3-A2893F52E6C1}.Release|Any CPU.ActiveCfg = Release|Any CPU
		{FEA8A50F-AEFE-4CE7-8DC3-A2893F52E6C1}.Release|Any CPU.Build.0 = Release|Any CPU
	EndGlobalSection
	GlobalSection(SolutionProperties) = preSolution
		HideSolutionNode = FALSE
	EndGlobalSection
	GlobalSection(ExtensibilityGlobals) = postSolution
		SolutionGuid = {AD24F266-85D8-474B-9A13-BEA06B5839E5}
	EndGlobalSection
EndGlobal
